// !$*UTF8*$!
{
	archiveVersion = 1;
	classes = {
	};
	objectVersion = 46;
	objects = {

/* Begin PBXBuildFile section */
		0D2702431DE7C13000F4B766 /* CAPhotoCache.h in CopyFiles */ = {isa = PBXBuildFile; fileRef = 0D2702401DE7C13000F4B766 /* CAPhotoCache.h */; };
		0D27024A1DE7C1C700F4B766 /* CAPhotoCache.h in Headers */ = {isa = PBXBuildFile; fileRef = 0D2702401DE7C13000F4B766 /* CAPhotoCache.h */; settings = {ATTRIBUTES = (Public, ); }; };
		0D27024C1DE7C20F00F4B766 /* CAPhotoCache.m in Sources */ = {isa = PBXBuildFile; fileRef = 0D27024B1DE7C20F00F4B766 /* CAPhotoCache.m */; };
		0D27024E1DE7C58F00F4B766 /* CAPhotoCache-Prefix.pch in Headers */ = {isa = PBXBuildFile; fileRef = 0D27024D1DE7C58F00F4B766 /* CAPhotoCache-Prefix.pch */; };
/* End PBXBuildFile section */

/* Begin PBXCopyFilesBuildPhase section */
		0D27023B1DE7C13000F4B766 /* CopyFiles */ = {
			isa = PBXCopyFilesBuildPhase;
			buildActionMask = 2147483647;
			dstPath = "include/$(PRODUCT_NAME)";
			dstSubfolderSpec = 16;
			files = (
				0D2702431DE7C13000F4B766 /* CAPhotoCache.h in CopyFiles */,
			);
			runOnlyForDeploymentPostprocessing = 0;
		};
/* End PBXCopyFilesBuildPhase section */

/* Begin PBXFileReference section */
		0D27023D1DE7C13000F4B766 /* libCAPhotoCache.a */ = {isa = PBXFileReference; explicitFileType = archive.ar; includeInIndex = 0; path = libCAPhotoCache.a; sourceTree = BUILT_PRODUCTS_DIR; };
		0D2702401DE7C13000F4B766 /* CAPhotoCache.h */ = {isa = PBXFileReference; lastKnownFileType = sourcecode.c.h; path = CAPhotoCache.h; sourceTree = "<group>"; };
		0D27024B1DE7C20F00F4B766 /* CAPhotoCache.m */ = {isa = PBXFileReference; fileEncoding = 4; lastKnownFileType = sourcecode.c.objc; path = CAPhotoCache.m; sourceTree = "<group>"; };
		0D27024D1DE7C58F00F4B766 /* CAPhotoCache-Prefix.pch */ = {isa = PBXFileReference; fileEncoding = 4; lastKnownFileType = sourcecode.c.h; path = "CAPhotoCache-Prefix.pch"; sourceTree = "<group>"; };
/* End PBXFileReference section */

/* Begin PBXFrameworksBuildPhase section */
		0D27023A1DE7C13000F4B766 /* Frameworks */ = {
			isa = PBXFrameworksBuildPhase;
			buildActionMask = 2147483647;
			files = (
			);
			runOnlyForDeploymentPostprocessing = 0;
		};
/* End PBXFrameworksBuildPhase section */

/* Begin PBXGroup section */
		0D2702341DE7C13000F4B766 = {
			isa = PBXGroup;
			children = (
				0D27023F1DE7C13000F4B766 /* CAPhotoCache */,
				0D27023E1DE7C13000F4B766 /* Products */,
			);
			sourceTree = "<group>";
		};
		0D27023E1DE7C13000F4B766 /* Products */ = {
			isa = PBXGroup;
			children = (
				0D27023D1DE7C13000F4B766 /* libCAPhotoCache.a */,
			);
			name = Products;
			sourceTree = "<group>";
		};
		0D27023F1DE7C13000F4B766 /* CAPhotoCache */ = {
			isa = PBXGroup;
			children = (
				0D27024D1DE7C58F00F4B766 /* CAPhotoCache-Prefix.pch */,
				0D2702401DE7C13000F4B766 /* CAPhotoCache.h */,
				0D27024B1DE7C20F00F4B766 /* CAPhotoCache.m */,
			);
			path = CAPhotoCache;
			sourceTree = "<group>";
		};
/* End PBXGroup section */

/* Begin PBXHeadersBuildPhase section */
		0D2702491DE7C1AF00F4B766 /* Headers */ = {
			isa = PBXHeadersBuildPhase;
			buildActionMask = 2147483647;
			files = (
				0D27024A1DE7C1C700F4B766 /* CAPhotoCache.h in Headers */,
				0D27024E1DE7C58F00F4B766 /* CAPhotoCache-Prefix.pch in Headers */,
			);
			runOnlyForDeploymentPostprocessing = 0;
		};
/* End PBXHeadersBuildPhase section */

/* Begin PBXNativeTarget section */
		0D27023C1DE7C13000F4B766 /* CAPhotoCache */ = {
			isa = PBXNativeTarget;
			buildConfigurationList = 0D2702461DE7C13000F4B766 /* Build configuration list for PBXNativeTarget "CAPhotoCache" */;
			buildPhases = (
				0D2702391DE7C13000F4B766 /* Sources */,
				0D27023A1DE7C13000F4B766 /* Frameworks */,
				0D27023B1DE7C13000F4B766 /* CopyFiles */,
				0D2702491DE7C1AF00F4B766 /* Headers */,
			);
			buildRules = (
			);
			dependencies = (
			);
			name = CAPhotoCache;
			productName = CAPhotoCache;
			productReference = 0D27023D1DE7C13000F4B766 /* libCAPhotoCache.a */;
			productType = "com.apple.product-type.library.static";
		};
/* End PBXNativeTarget section */

/* Begin PBXProject section */
		0D2702351DE7C13000F4B766 /* Project object */ = {
			isa = PBXProject;
			attributes = {
				LastUpgradeCheck = 0810;
				ORGANIZATIONNAME = "Cohen Adair";
				TargetAttributes = {
					0D27023C1DE7C13000F4B766 = {
						CreatedOnToolsVersion = 8.1;
						DevelopmentTeam = RQ74DU9PML;
						ProvisioningStyle = Automatic;
					};
				};
			};
			buildConfigurationList = 0D2702381DE7C13000F4B766 /* Build configuration list for PBXProject "CAPhotoCache" */;
			compatibilityVersion = "Xcode 3.2";
			developmentRegion = English;
			hasScannedForEncodings = 0;
			knownRegions = (
				en,
			);
			mainGroup = 0D2702341DE7C13000F4B766;
			productRefGroup = 0D27023E1DE7C13000F4B766 /* Products */;
			projectDirPath = "";
			projectRoot = "";
			targets = (
				0D27023C1DE7C13000F4B766 /* CAPhotoCache */,
			);
		};
/* End PBXProject section */

/* Begin PBXSourcesBuildPhase section */
		0D2702391DE7C13000F4B766 /* Sources */ = {
			isa = PBXSourcesBuildPhase;
			buildActionMask = 2147483647;
			files = (
				0D27024C1DE7C20F00F4B766 /* CAPhotoCache.m in Sources */,
			);
			runOnlyForDeploymentPostprocessing = 0;
		};
/* End PBXSourcesBuildPhase section */

/* Begin XCBuildConfiguration section */
		0D2702441DE7C13000F4B766 /* Debug */ = {
			isa = XCBuildConfiguration;
			buildSettings = {
				ALWAYS_SEARCH_USER_PATHS = NO;
				CLANG_ANALYZER_NONNULL = YES;
				CLANG_CXX_LANGUAGE_STANDARD = "gnu++0x";
				CLANG_CXX_LIBRARY = "libc++";
				CLANG_ENABLE_MODULES = YES;
				CLANG_ENABLE_OBJC_ARC = YES;
				CLANG_WARN_BOOL_CONVERSION = YES;
				CLANG_WARN_CONSTANT_CONVERSION = YES;
				CLANG_WARN_DIRECT_OBJC_ISA_USAGE = YES_ERROR;
				CLANG_WARN_DOCUMENTATION_COMMENTS = YES;
				CLANG_WARN_EMPTY_BODY = YES;
				CLANG_WARN_ENUM_CONVERSION = YES;
				CLANG_WARN_INFINITE_RECURSION = YES;
				CLANG_WARN_INT_CONVERSION = YES;
				CLANG_WARN_OBJC_ROOT_CLASS = YES_ERROR;
				CLANG_WARN_SUSPICIOUS_MOVES = YES;
				CLANG_WARN_UNREACHABLE_CODE = YES;
				CLANG_WARN__DUPLICATE_METHOD_MATCH = YES;
				"CODE_SIGN_IDENTITY[sdk=iphoneos*]" = "iPhone Developer";
				COPY_PHASE_STRIP = NO;
				DEBUG_INFORMATION_FORMAT = dwarf;
				ENABLE_STRICT_OBJC_MSGSEND = YES;
				ENABLE_TESTABILITY = YES;
				GCC_C_LANGUAGE_STANDARD = gnu99;
				GCC_DYNAMIC_NO_PIC = NO;
				GCC_NO_COMMON_BLOCKS = YES;
				GCC_OPTIMIZATION_LEVEL = 0;
				GCC_PREPROCESSOR_DEFINITIONS = (
					"DEBUG=1",
					"$(inherited)",
				);
				GCC_WARN_64_TO_32_BIT_CONVERSION = YES;
				GCC_WARN_ABOUT_RETURN_TYPE = YES_ERROR;
				GCC_WARN_UNDECLARED_SELECTOR = YES;
				GCC_WARN_UNINITIALIZED_AUTOS = YES_AGGRESSIVE;
				GCC_WARN_UNUSED_FUNCTION = YES;
				GCC_WARN_UNUSED_VARIABLE = YES;
				IPHONEOS_DEPLOYMENT_TARGET = 10.1;
				MTL_ENABLE_DEBUG_INFO = YES;
				ONLY_ACTIVE_ARCH = YES;
				SDKROOT = iphoneos;
			};
			name = Debug;
		};
		0D2702451DE7C13000F4B766 /* Release */ = {
			isa = XCBuildConfiguration;
			buildSettings = {
				ALWAYS_SEARCH_USER_PATHS = NO;
				CLANG_ANALYZER_NONNULL = YES;
				CLANG_CXX_LANGUAGE_STANDARD = "gnu++0x";
				CLANG_CXX_LIBRARY = "libc++";
				CLANG_ENABLE_MODULES = YES;
				CLANG_ENABLE_OBJC_ARC = YES;
				CLANG_WARN_BOOL_CONVERSION = YES;
				CLANG_WARN_CONSTANT_CONVERSION = YES;
				CLANG_WARN_DIRECT_OBJC_ISA_USAGE = YES_ERROR;
				CLANG_WARN_DOCUMENTATION_COMMENTS = YES;
				CLANG_WARN_EMPTY_BODY = YES;
				CLANG_WARN_ENUM_CONVERSION = YES;
				CLANG_WARN_INFINITE_RECURSION = YES;
				CLANG_WARN_INT_CONVERSION = YES;
				CLANG_WARN_OBJC_ROOT_CLASS = YES_ERROR;
				CLANG_WARN_SUSPICIOUS_MOVES = YES;
				CLANG_WARN_UNREACHABLE_CODE = YES;
				CLANG_WARN__DUPLICATE_METHOD_MATCH = YES;
				"CODE_SIGN_IDENTITY[sdk=iphoneos*]" = "iPhone Developer";
				COPY_PHASE_STRIP = NO;
				DEBUG_INFORMATION_FORMAT = "dwarf-with-dsym";
				ENABLE_NS_ASSERTIONS = NO;
				ENABLE_STRICT_OBJC_MSGSEND = YES;
				GCC_C_LANGUAGE_STANDARD = gnu99;
				GCC_NO_COMMON_BLOCKS = YES;
				GCC_WARN_64_TO_32_BIT_CONVERSION = YES;
				GCC_WARN_ABOUT_RETURN_TYPE = YES_ERROR;
				GCC_WARN_UNDECLARED_SELECTOR = YES;
				GCC_WARN_UNINITIALIZED_AUTOS = YES_AGGRESSIVE;
				GCC_WARN_UNUSED_FUNCTION = YES;
				GCC_WARN_UNUSED_VARIABLE = YES;
				IPHONEOS_DEPLOYMENT_TARGET = 10.1;
				MTL_ENABLE_DEBUG_INFO = NO;
				SDKROOT = iphoneos;
				VALIDATE_PRODUCT = YES;
			};
			name = Release;
		};
		0D2702471DE7C13000F4B766 /* Debug */ = {
			isa = XCBuildConfiguration;
			buildSettings = {
				DEAD_CODE_STRIPPING = NO;
				DEVELOPMENT_TEAM = RQ74DU9PML;
				GCC_PRECOMPILE_PREFIX_HEADER = YES;
				GCC_PREFIX_HEADER = "$(SRCROOT)/CAPhotoCache/CAPhotoCache-Prefix.pch";
				OTHER_LDFLAGS = "-ObjC";
				PRODUCT_NAME = "$(TARGET_NAME)";
				SKIP_INSTALL = YES;
				STRIP_STYLE = "non-global";
			};
			name = Debug;
		};
		0D2702481DE7C13000F4B766 /* Release */ = {
			isa = XCBuildConfiguration;
			buildSettings = {
				DEAD_CODE_STRIPPING = NO;
				DEVELOPMENT_TEAM = RQ74DU9PML;
				GCC_PRECOMPILE_PREFIX_HEADER = YES;
				GCC_PREFIX_HEADER = "$(SRCROOT)/CAPhotoCache/CAPhotoCache-Prefix.pch";
				OTHER_LDFLAGS = "-ObjC";
				PRODUCT_NAME = "$(TARGET_NAME)";
				SKIP_INSTALL = YES;
				STRIP_STYLE = "non-global";
			};
			name = Release;
		};
/* End XCBuildConfiguration section */

/* Begin XCConfigurationList section */
		0D2702381DE7C13000F4B766 /* Build configuration list for PBXProject "CAPhotoCache" */ = {
			isa = XCConfigurationList;
			buildConfigurations = (
				0D2702441DE7C13000F4B766 /* Debug */,
				0D2702451DE7C13000F4B766 /* Release */,
			);
			defaultConfigurationIsVisible = 0;
			defaultConfigurationName = Release;
		};
		0D2702461DE7C13000F4B766 /* Build configuration list for PBXNativeTarget "CAPhotoCache" */ = {
			isa = XCConfigurationList;
			buildConfigurations = (
				0D2702471DE7C13000F4B766 /* Debug */,
				0D2702481DE7C13000F4B766 /* Release */,
			);
			defaultConfigurationIsVisible = 0;
		};
/* End XCConfigurationList section */
	};
	rootObject = 0D2702351DE7C13000F4B766 /* Project object */;
}
